
Microsoft Visual Studio Solution File, Format Version 12.00
# Visual Studio Version 17
VisualStudioVersion = 17.3.32922.545
MinimumVisualStudioVersion = 10.0.40219.1
Project("{FAE04EC0-301F-11D3-BF4B-00C04F79EFBC}") = "demoDocker4", "demoDocker4\demoDocker4.csproj", "{2BC94388-E726-4555-93DE-04948BB50954}"
EndProject
Project("{FAE04EC0-301F-11D3-BF4B-00C04F79EFBC}") = "EntityLayout", "EntityLayout\EntityLayout.csproj", "{71734DCD-27A0-43AF-A26C-87BEFBE41489}"
EndProject
Project("{FAE04EC0-301F-11D3-BF4B-00C04F79EFBC}") = "DataAccessLayer", "DataAccessLayer\DataAccessLayer.csproj", "{15D08E62-A225-4A29-8276-570FF9F58824}"
EndProject
Project("{FAE04EC0-301F-11D3-BF4B-00C04F79EFBC}") = "BusinessLayer", "BusinessLayer\BusinessLayer.csproj", "{66495343-02E8-48A6-A753-062E2BB6E6BB}"
EndProject
Project("{FAE04EC0-301F-11D3-BF4B-00C04F79EFBC}") = "CoreLayer", "CoreLayer\CoreLayer.csproj", "{D1FDFAD7-F41D-449D-B1A9-ECCBC4662F98}"
EndProject
Global
	GlobalSection(SolutionConfigurationPlatforms) = preSolution
		Debug|Any CPU = Debug|Any CPU
		Release|Any CPU = Release|Any CPU
	EndGlobalSection
	GlobalSection(ProjectConfigurationPlatforms) = postSolution
		{2BC94388-E726-4555-93DE-04948BB50954}.Debug|Any CPU.ActiveCfg = Debug|Any CPU
		{2BC94388-E726-4555-93DE-04948BB50954}.Debug|Any CPU.Build.0 = Debug|Any CPU
		{2BC94388-E726-4555-93DE-04948BB50954}.Release|Any CPU.ActiveCfg = Release|Any CPU
		{2BC94388-E726-4555-93DE-04948BB50954}.Release|Any CPU.Build.0 = Release|Any CPU
		{71734DCD-27A0-43AF-A26C-87BEFBE41489}.Debug|Any CPU.ActiveCfg = Debug|Any CPU
		{71734DCD-27A0-43AF-A26C-87BEFBE41489}.Debug|Any CPU.Build.0 = Debug|Any CPU
		{71734DCD-27A0-43AF-A26C-87BEFBE41489}.Release|Any CPU.ActiveCfg = Release|Any CPU
		{71734DCD-27A0-43AF-A26C-87BEFBE41489}.Release|Any CPU.Build.0 = Release|Any CPU
		{15D08E62-A225-4A29-8276-570FF9F58824}.Debug|Any CPU.ActiveCfg = Debug|Any CPU
		{15D08E62-A225-4A29-8276-570FF9F58824}.Debug|Any CPU.Build.0 = Debug|Any CPU
		{15D08E62-A225-4A29-8276-570FF9F58824}.Release|Any CPU.ActiveCfg = Release|Any CPU
		{15D08E62-A225-4A29-8276-570FF9F58824}.Release|Any CPU.Build.0 = Release|Any CPU
		{66495343-02E8-48A6-A753-062E2BB6E6BB}.Debug|Any CPU.ActiveCfg = Debug|Any CPU
		{66495343-02E8-48A6-A753-062E2BB6E6BB}.Debug|Any CPU.Build.0 = Debug|Any CPU
		{66495343-02E8-48A6-A753-062E2BB6E6BB}.Release|Any CPU.ActiveCfg = Release|Any CPU
		{66495343-02E8-48A6-A753-062E2BB6E6BB}.Release|Any CPU.Build.0 = Release|Any CPU
		{D1FDFAD7-F41D-449D-B1A9-ECCBC4662F98}.Debug|Any CPU.ActiveCfg = Debug|Any CPU
		{D1FDFAD7-F41D-449D-B1A9-ECCBC4662F98}.Debug|Any CPU.Build.0 = Debug|Any CPU
		{D1FDFAD7-F41D-449D-B1A9-ECCBC4662F98}.Release|Any CPU.ActiveCfg = Release|Any CPU
		{D1FDFAD7-F41D-449D-B1A9-ECCBC4662F98}.Release|Any CPU.Build.0 = Release|Any CPU
	EndGlobalSection
	GlobalSection(SolutionProperties) = preSolution
		HideSolutionNode = FALSE
	EndGlobalSection
	GlobalSection(ExtensibilityGlobals) = postSolution
		SolutionGuid = {24290A64-433A-4444-AC2A-6E063A05EC57}
	EndGlobalSection
EndGlobal
